
Microsoft Visual Studio Solution File, Format Version 12.00
# Visual Studio 15
VisualStudioVersion = 15.0.28306.52
MinimumVisualStudioVersion = 10.0.40219.1
Project("{9A19103F-16F7-4668-BE54-9A1E7A4F7556}") = "MDFS Demo", "MDFS Demo\MDFS Demo.csproj", "{12BDB11A-DDC1-4EBE-A4D4-CDE925AB599B}"
EndProject
Project("{FAE04EC0-301F-11D3-BF4B-00C04F79EFBC}") = "MDFS", "MDFS\MDFS.csproj", "{7992A7ED-E612-4D4D-A6A7-4064ADEB90B4}"
EndProject
Global
	GlobalSection(SolutionConfigurationPlatforms) = preSolution
		Debug|Any CPU = Debug|Any CPU
		Release|Any CPU = Release|Any CPU
	EndGlobalSection
	GlobalSection(ProjectConfigurationPlatforms) = postSolution
		{12BDB11A-DDC1-4EBE-A4D4-CDE925AB599B}.Debug|Any CPU.ActiveCfg = Debug|Any CPU
		{12BDB11A-DDC1-4EBE-A4D4-CDE925AB599B}.Debug|Any CPU.Build.0 = Debug|Any CPU
		{12BDB11A-DDC1-4EBE-A4D4-CDE925AB599B}.Release|Any CPU.ActiveCfg = Release|Any CPU
		{12BDB11A-DDC1-4EBE-A4D4-CDE925AB599B}.Release|Any CPU.Build.0 = Release|Any CPU
		{7992A7ED-E612-4D4D-A6A7-4064ADEB90B4}.Debug|Any CPU.ActiveCfg = Debug|Any CPU
		{7992A7ED-E612-4D4D-A6A7-4064ADEB90B4}.Debug|Any CPU.Build.0 = Debug|Any CPU
		{7992A7ED-E612-4D4D-A6A7-4064ADEB90B4}.Release|Any CPU.ActiveCfg = Release|Any CPU
		{7992A7ED-E612-4D4D-A6A7-4064ADEB90B4}.Release|Any CPU.Build.0 = Release|Any CPU
	EndGlobalSection
	GlobalSection(SolutionProperties) = preSolution
		HideSolutionNode = FALSE
	EndGlobalSection
	GlobalSection(ExtensibilityGlobals) = postSolution
		SolutionGuid = {9BFEB548-2310-4D7F-8F4A-F05C441F8570}
	EndGlobalSection
EndGlobal
